
Microsoft Visual Studio Solution File, Format Version 12.00
# Visual Studio Version 16
VisualStudioVersion = 16.0.31129.286
MinimumVisualStudioVersion = 10.0.40219.1
Project("{FAE04EC0-301F-11D3-BF4B-00C04F79EFBC}") = "Intex2021FagElGamous", "Intex2021FagElGamous\Intex2021FagElGamous.csproj", "{DE27F099-7FA4-491A-B1EE-C1D99581C89C}"
EndProject
Global
	GlobalSection(SolutionConfigurationPlatforms) = preSolution
		Debug|Any CPU = Debug|Any CPU
		Release|Any CPU = Release|Any CPU
	EndGlobalSection
	GlobalSection(ProjectConfigurationPlatforms) = postSolution
		{DE27F099-7FA4-491A-B1EE-C1D99581C89C}.Debug|Any CPU.ActiveCfg = Debug|Any CPU
		{DE27F099-7FA4-491A-B1EE-C1D99581C89C}.Debug|Any CPU.Build.0 = Debug|Any CPU
		{DE27F099-7FA4-491A-B1EE-C1D99581C89C}.Release|Any CPU.ActiveCfg = Release|Any CPU
		{DE27F099-7FA4-491A-B1EE-C1D99581C89C}.Release|Any CPU.Build.0 = Release|Any CPU
	EndGlobalSection
	GlobalSection(SolutionProperties) = preSolution
		HideSolutionNode = FALSE
	EndGlobalSection
	GlobalSection(ExtensibilityGlobals) = postSolution
		SolutionGuid = {BEDBC494-4B0F-46D5-A759-B5E3D7A855A4}
	EndGlobalSection
EndGlobal
